// !$*UTF8*$!
{
	archiveVersion = 1;
	classes = {
	};
	objectVersion = 50;
	objects = {

/* Begin PBXBuildFile section */
		F3D3B5EC23525B9F00E1E66B /* AppDelegate.swift in Sources */ = {isa = PBXBuildFile; fileRef = F3D3B5EB23525B9F00E1E66B /* AppDelegate.swift */; };
		F3D3B5EE23525B9F00E1E66B /* SceneDelegate.swift in Sources */ = {isa = PBXBuildFile; fileRef = F3D3B5ED23525B9F00E1E66B /* SceneDelegate.swift */; };
		F3D3B5F523525BA000E1E66B /* Assets.xcassets in Resources */ = {isa = PBXBuildFile; fileRef = F3D3B5F423525BA000E1E66B /* Assets.xcassets */; };
		F3D3B5F823525BA000E1E66B /* LaunchScreen.storyboard in Resources */ = {isa = PBXBuildFile; fileRef = F3D3B5F623525BA000E1E66B /* LaunchScreen.storyboard */; };
		F3D3B60323525BA000E1E66B /* TimeMachineTests.swift in Sources */ = {isa = PBXBuildFile; fileRef = F3D3B60223525BA000E1E66B /* TimeMachineTests.swift */; };
		F3D3B61523526A3800E1E66B /* HomePresenter.swift in Sources */ = {isa = PBXBuildFile; fileRef = F3D3B60E23526A3800E1E66B /* HomePresenter.swift */; };
		F3D3B61623526A3800E1E66B /* HomeWorker.swift in Sources */ = {isa = PBXBuildFile; fileRef = F3D3B60F23526A3800E1E66B /* HomeWorker.swift */; };
		F3D3B61723526A3800E1E66B /* HomeUseCases.swift in Sources */ = {isa = PBXBuildFile; fileRef = F3D3B61023526A3800E1E66B /* HomeUseCases.swift */; };
		F3D3B61923526A3800E1E66B /* HomeViewController.swift in Sources */ = {isa = PBXBuildFile; fileRef = F3D3B61223526A3800E1E66B /* HomeViewController.swift */; };
		F3D3B61A23526A3800E1E66B /* HomeInteractor.swift in Sources */ = {isa = PBXBuildFile; fileRef = F3D3B61323526A3800E1E66B /* HomeInteractor.swift */; };
		F3D3B61B23526A3800E1E66B /* HomeViewController.xib in Resources */ = {isa = PBXBuildFile; fileRef = F3D3B61423526A3800E1E66B /* HomeViewController.xib */; };
		F3D3B62123526BF900E1E66B /* Prize.swift in Sources */ = {isa = PBXBuildFile; fileRef = F3D3B62023526BF900E1E66B /* Prize.swift */; };
		F3D3B62323526C4200E1E66B /* Location.swift in Sources */ = {isa = PBXBuildFile; fileRef = F3D3B62223526C4200E1E66B /* Location.swift */; };
		F3D3B62623526D7200E1E66B /* nobel-prize-laureates.json in Resources */ = {isa = PBXBuildFile; fileRef = F3D3B62523526D7200E1E66B /* nobel-prize-laureates.json */; };
		F3D3B62923529EB200E1E66B /* Loading.swift in Sources */ = {isa = PBXBuildFile; fileRef = F3D3B62823529EB200E1E66B /* Loading.swift */; };
		F3D3B62D23543F3800E1E66B /* PrizeCell.swift in Sources */ = {isa = PBXBuildFile; fileRef = F3D3B62B23543F3800E1E66B /* PrizeCell.swift */; };
		F3D3B62E23543F3800E1E66B /* PrizeCell.xib in Resources */ = {isa = PBXBuildFile; fileRef = F3D3B62C23543F3800E1E66B /* PrizeCell.xib */; };
		F3D3B6302355203F00E1E66B /* HomeViewController+TableView.swift in Sources */ = {isa = PBXBuildFile; fileRef = F3D3B62F2355203F00E1E66B /* HomeViewController+TableView.swift */; };
		F3D3B633235520E200E1E66B /* String.swift in Sources */ = {isa = PBXBuildFile; fileRef = F3D3B632235520E200E1E66B /* String.swift */; };
		F3D3B6362355212200E1E66B /* UIViewController.swift in Sources */ = {isa = PBXBuildFile; fileRef = F3D3B6352355212200E1E66B /* UIViewController.swift */; };
		F3D3B63923552A9400E1E66B /* Algorithm.swift in Sources */ = {isa = PBXBuildFile; fileRef = F3D3B63823552A9400E1E66B /* Algorithm.swift */; };
		F3D3B63B23552AF900E1E66B /* NetworkManager.swift in Sources */ = {isa = PBXBuildFile; fileRef = F3D3B63A23552AF900E1E66B /* NetworkManager.swift */; };
/* End PBXBuildFile section */

/* Begin PBXContainerItemProxy section */
		F3D3B5FF23525BA000E1E66B /* PBXContainerItemProxy */ = {
			isa = PBXContainerItemProxy;
			containerPortal = F3D3B5E023525B9F00E1E66B /* Project object */;
			proxyType = 1;
			remoteGlobalIDString = F3D3B5E723525B9F00E1E66B;
			remoteInfo = TimeMachine;
		};
/* End PBXContainerItemProxy section */

/* Begin PBXFileReference section */
		F3D3B5E823525B9F00E1E66B /* TimeMachine.app */ = {isa = PBXFileReference; explicitFileType = wrapper.application; includeInIndex = 0; path = TimeMachine.app; sourceTree = BUILT_PRODUCTS_DIR; };
		F3D3B5EB23525B9F00E1E66B /* AppDelegate.swift */ = {isa = PBXFileReference; lastKnownFileType = sourcecode.swift; path = AppDelegate.swift; sourceTree = "<group>"; };
		F3D3B5ED23525B9F00E1E66B /* SceneDelegate.swift */ = {isa = PBXFileReference; lastKnownFileType = sourcecode.swift; path = SceneDelegate.swift; sourceTree = "<group>"; };
		F3D3B5F423525BA000E1E66B /* Assets.xcassets */ = {isa = PBXFileReference; lastKnownFileType = folder.assetcatalog; path = Assets.xcassets; sourceTree = "<group>"; };
		F3D3B5F723525BA000E1E66B /* Base */ = {isa = PBXFileReference; lastKnownFileType = file.storyboard; name = Base; path = Base.lproj/LaunchScreen.storyboard; sourceTree = "<group>"; };
		F3D3B5F923525BA000E1E66B /* Info.plist */ = {isa = PBXFileReference; lastKnownFileType = text.plist.xml; path = Info.plist; sourceTree = "<group>"; };
		F3D3B5FE23525BA000E1E66B /* TimeMachineTests.xctest */ = {isa = PBXFileReference; explicitFileType = wrapper.cfbundle; includeInIndex = 0; path = TimeMachineTests.xctest; sourceTree = BUILT_PRODUCTS_DIR; };
		F3D3B60223525BA000E1E66B /* TimeMachineTests.swift */ = {isa = PBXFileReference; lastKnownFileType = sourcecode.swift; path = TimeMachineTests.swift; sourceTree = "<group>"; };
		F3D3B60423525BA000E1E66B /* Info.plist */ = {isa = PBXFileReference; lastKnownFileType = text.plist.xml; path = Info.plist; sourceTree = "<group>"; };
		F3D3B60E23526A3800E1E66B /* HomePresenter.swift */ = {isa = PBXFileReference; lastKnownFileType = sourcecode.swift; path = HomePresenter.swift; sourceTree = "<group>"; };
		F3D3B60F23526A3800E1E66B /* HomeWorker.swift */ = {isa = PBXFileReference; lastKnownFileType = sourcecode.swift; path = HomeWorker.swift; sourceTree = "<group>"; };
		F3D3B61023526A3800E1E66B /* HomeUseCases.swift */ = {isa = PBXFileReference; lastKnownFileType = sourcecode.swift; path = HomeUseCases.swift; sourceTree = "<group>"; };
		F3D3B61223526A3800E1E66B /* HomeViewController.swift */ = {isa = PBXFileReference; lastKnownFileType = sourcecode.swift; path = HomeViewController.swift; sourceTree = "<group>"; };
		F3D3B61323526A3800E1E66B /* HomeInteractor.swift */ = {isa = PBXFileReference; lastKnownFileType = sourcecode.swift; path = HomeInteractor.swift; sourceTree = "<group>"; };
		F3D3B61423526A3800E1E66B /* HomeViewController.xib */ = {isa = PBXFileReference; lastKnownFileType = file.xib; path = HomeViewController.xib; sourceTree = "<group>"; };
		F3D3B62023526BF900E1E66B /* Prize.swift */ = {isa = PBXFileReference; lastKnownFileType = sourcecode.swift; path = Prize.swift; sourceTree = "<group>"; };
		F3D3B62223526C4200E1E66B /* Location.swift */ = {isa = PBXFileReference; lastKnownFileType = sourcecode.swift; path = Location.swift; sourceTree = "<group>"; };
		F3D3B62523526D7200E1E66B /* nobel-prize-laureates.json */ = {isa = PBXFileReference; fileEncoding = 4; lastKnownFileType = text.json; path = "nobel-prize-laureates.json"; sourceTree = "<group>"; };
		F3D3B62823529EB200E1E66B /* Loading.swift */ = {isa = PBXFileReference; lastKnownFileType = sourcecode.swift; path = Loading.swift; sourceTree = "<group>"; };
		F3D3B62B23543F3800E1E66B /* PrizeCell.swift */ = {isa = PBXFileReference; lastKnownFileType = sourcecode.swift; path = PrizeCell.swift; sourceTree = "<group>"; };
		F3D3B62C23543F3800E1E66B /* PrizeCell.xib */ = {isa = PBXFileReference; lastKnownFileType = file.xib; path = PrizeCell.xib; sourceTree = "<group>"; };
		F3D3B62F2355203F00E1E66B /* HomeViewController+TableView.swift */ = {isa = PBXFileReference; lastKnownFileType = sourcecode.swift; path = "HomeViewController+TableView.swift"; sourceTree = "<group>"; };
		F3D3B632235520E200E1E66B /* String.swift */ = {isa = PBXFileReference; lastKnownFileType = sourcecode.swift; path = String.swift; sourceTree = "<group>"; };
		F3D3B6352355212200E1E66B /* UIViewController.swift */ = {isa = PBXFileReference; lastKnownFileType = sourcecode.swift; path = UIViewController.swift; sourceTree = "<group>"; };
		F3D3B63823552A9400E1E66B /* Algorithm.swift */ = {isa = PBXFileReference; lastKnownFileType = sourcecode.swift; path = Algorithm.swift; sourceTree = "<group>"; };
		F3D3B63A23552AF900E1E66B /* NetworkManager.swift */ = {isa = PBXFileReference; lastKnownFileType = sourcecode.swift; path = NetworkManager.swift; sourceTree = "<group>"; };
/* End PBXFileReference section */

/* Begin PBXFrameworksBuildPhase section */
		F3D3B5E523525B9F00E1E66B /* Frameworks */ = {
			isa = PBXFrameworksBuildPhase;
			buildActionMask = 2147483647;
			files = (
			);
			runOnlyForDeploymentPostprocessing = 0;
		};
		F3D3B5FB23525BA000E1E66B /* Frameworks */ = {
			isa = PBXFrameworksBuildPhase;
			buildActionMask = 2147483647;
			files = (
			);
			runOnlyForDeploymentPostprocessing = 0;
		};
/* End PBXFrameworksBuildPhase section */

/* Begin PBXGroup section */
		F3D3B5DF23525B9F00E1E66B = {
			isa = PBXGroup;
			children = (
				F3D3B5EA23525B9F00E1E66B /* TimeMachine */,
				F3D3B60123525BA000E1E66B /* TimeMachineTests */,
				F3D3B5E923525B9F00E1E66B /* Products */,
			);
			sourceTree = "<group>";
		};
		F3D3B5E923525B9F00E1E66B /* Products */ = {
			isa = PBXGroup;
			children = (
				F3D3B5E823525B9F00E1E66B /* TimeMachine.app */,
				F3D3B5FE23525BA000E1E66B /* TimeMachineTests.xctest */,
			);
			name = Products;
			sourceTree = "<group>";
		};
		F3D3B5EA23525B9F00E1E66B /* TimeMachine */ = {
			isa = PBXGroup;
			children = (
				F3D3B62423526D4F00E1E66B /* Common */,
				F3D3B5EB23525B9F00E1E66B /* AppDelegate.swift */,
				F3D3B5ED23525B9F00E1E66B /* SceneDelegate.swift */,
				F3D3B5F423525BA000E1E66B /* Assets.xcassets */,
				F3D3B5F623525BA000E1E66B /* LaunchScreen.storyboard */,
				F3D3B60D2352659F00E1E66B /* Scenes */,
				F3D3B5F923525BA000E1E66B /* Info.plist */,
			);
			path = TimeMachine;
			sourceTree = "<group>";
		};
		F3D3B60123525BA000E1E66B /* TimeMachineTests */ = {
			isa = PBXGroup;
			children = (
				F3D3B60223525BA000E1E66B /* TimeMachineTests.swift */,
				F3D3B60423525BA000E1E66B /* Info.plist */,
			);
			path = TimeMachineTests;
			sourceTree = "<group>";
		};
		F3D3B60D2352659F00E1E66B /* Scenes */ = {
			isa = PBXGroup;
			children = (
				F3D3B61E23526A5300E1E66B /* Presentation */,
				F3D3B61D23526A4900E1E66B /* Domain */,
				F3D3B61C23526A3F00E1E66B /* Data */,
			);
			path = Scenes;
			sourceTree = "<group>";
		};
		F3D3B61C23526A3F00E1E66B /* Data */ = {
			isa = PBXGroup;
			children = (
				F3D3B63723552A7400E1E66B /* Worker */,
				F3D3B61F23526BE800E1E66B /* Entities */,
			);
			path = Data;
			sourceTree = "<group>";
		};
		F3D3B61D23526A4900E1E66B /* Domain */ = {
			isa = PBXGroup;
			children = (
				F3D3B60E23526A3800E1E66B /* HomePresenter.swift */,
				F3D3B61323526A3800E1E66B /* HomeInteractor.swift */,
				F3D3B61023526A3800E1E66B /* HomeUseCases.swift */,
			);
			path = Domain;
			sourceTree = "<group>";
		};
		F3D3B61E23526A5300E1E66B /* Presentation */ = {
			isa = PBXGroup;
			children = (
				F3D3B62A23543EF600E1E66B /* Cells */,
				F3D3B62F2355203F00E1E66B /* HomeViewController+TableView.swift */,
				F3D3B61223526A3800E1E66B /* HomeViewController.swift */,
				F3D3B61423526A3800E1E66B /* HomeViewController.xib */,
			);
			path = Presentation;
			sourceTree = "<group>";
		};
		F3D3B61F23526BE800E1E66B /* Entities */ = {
			isa = PBXGroup;
			children = (
				F3D3B62023526BF900E1E66B /* Prize.swift */,
				F3D3B62223526C4200E1E66B /* Location.swift */,
			);
			path = Entities;
			sourceTree = "<group>";
		};
		F3D3B62423526D4F00E1E66B /* Common */ = {
			isa = PBXGroup;
			children = (
				F3D3B631235520C800E1E66B /* Extensions */,
				F3D3B62723529E9800E1E66B /* Views */,
				F3D3B62523526D7200E1E66B /* nobel-prize-laureates.json */,
			);
			path = Common;
			sourceTree = "<group>";
		};
		F3D3B62723529E9800E1E66B /* Views */ = {
			isa = PBXGroup;
			children = (
				F3D3B62823529EB200E1E66B /* Loading.swift */,
			);
			path = Views;
			sourceTree = "<group>";
		};
		F3D3B62A23543EF600E1E66B /* Cells */ = {
			isa = PBXGroup;
			children = (
				F3D3B62B23543F3800E1E66B /* PrizeCell.swift */,
				F3D3B62C23543F3800E1E66B /* PrizeCell.xib */,
			);
			path = Cells;
			sourceTree = "<group>";
		};
		F3D3B631235520C800E1E66B /* Extensions */ = {
			isa = PBXGroup;
			children = (
				F3D3B632235520E200E1E66B /* String.swift */,
				F3D3B6352355212200E1E66B /* UIViewController.swift */,
			);
			path = Extensions;
			sourceTree = "<group>";
		};
		F3D3B63723552A7400E1E66B /* Worker */ = {
			isa = PBXGroup;
			children = (
				F3D3B60F23526A3800E1E66B /* HomeWorker.swift */,
				F3D3B63823552A9400E1E66B /* Algorithm.swift */,
				F3D3B63A23552AF900E1E66B /* NetworkManager.swift */,
			);
			path = Worker;
			sourceTree = "<group>";
		};
/* End PBXGroup section */

/* Begin PBXNativeTarget section */
		F3D3B5E723525B9F00E1E66B /* TimeMachine */ = {
			isa = PBXNativeTarget;
			buildConfigurationList = F3D3B60723525BA000E1E66B /* Build configuration list for PBXNativeTarget "TimeMachine" */;
			buildPhases = (
				F3D3B5E423525B9F00E1E66B /* Sources */,
				F3D3B5E523525B9F00E1E66B /* Frameworks */,
				F3D3B5E623525B9F00E1E66B /* Resources */,
			);
			buildRules = (
			);
			dependencies = (
			);
			name = TimeMachine;
			productName = TimeMachine;
			productReference = F3D3B5E823525B9F00E1E66B /* TimeMachine.app */;
			productType = "com.apple.product-type.application";
		};
		F3D3B5FD23525BA000E1E66B /* TimeMachineTests */ = {
			isa = PBXNativeTarget;
			buildConfigurationList = F3D3B60A23525BA000E1E66B /* Build configuration list for PBXNativeTarget "TimeMachineTests" */;
			buildPhases = (
				F3D3B5FA23525BA000E1E66B /* Sources */,
				F3D3B5FB23525BA000E1E66B /* Frameworks */,
				F3D3B5FC23525BA000E1E66B /* Resources */,
			);
			buildRules = (
			);
			dependencies = (
				F3D3B60023525BA000E1E66B /* PBXTargetDependency */,
			);
			name = TimeMachineTests;
			productName = TimeMachineTests;
			productReference = F3D3B5FE23525BA000E1E66B /* TimeMachineTests.xctest */;
			productType = "com.apple.product-type.bundle.unit-test";
		};
/* End PBXNativeTarget section */

/* Begin PBXProject section */
		F3D3B5E023525B9F00E1E66B /* Project object */ = {
			isa = PBXProject;
			attributes = {
				LastSwiftUpdateCheck = 1110;
				LastUpgradeCheck = 1110;
				ORGANIZATIONNAME = "Nick iOS";
				TargetAttributes = {
					F3D3B5E723525B9F00E1E66B = {
						CreatedOnToolsVersion = 11.1;
					};
					F3D3B5FD23525BA000E1E66B = {
						CreatedOnToolsVersion = 11.1;
						TestTargetID = F3D3B5E723525B9F00E1E66B;
					};
				};
			};
			buildConfigurationList = F3D3B5E323525B9F00E1E66B /* Build configuration list for PBXProject "TimeMachine" */;
			compatibilityVersion = "Xcode 9.3";
			developmentRegion = en;
			hasScannedForEncodings = 0;
			knownRegions = (
				en,
				Base,
			);
			mainGroup = F3D3B5DF23525B9F00E1E66B;
			productRefGroup = F3D3B5E923525B9F00E1E66B /* Products */;
			projectDirPath = "";
			projectRoot = "";
			targets = (
				F3D3B5E723525B9F00E1E66B /* TimeMachine */,
				F3D3B5FD23525BA000E1E66B /* TimeMachineTests */,
			);
		};
/* End PBXProject section */

/* Begin PBXResourcesBuildPhase section */
		F3D3B5E623525B9F00E1E66B /* Resources */ = {
			isa = PBXResourcesBuildPhase;
			buildActionMask = 2147483647;
			files = (
				F3D3B62623526D7200E1E66B /* nobel-prize-laureates.json in Resources */,
				F3D3B5F823525BA000E1E66B /* LaunchScreen.storyboard in Resources */,
				F3D3B5F523525BA000E1E66B /* Assets.xcassets in Resources */,
				F3D3B61B23526A3800E1E66B /* HomeViewController.xib in Resources */,
				F3D3B62E23543F3800E1E66B /* PrizeCell.xib in Resources */,
			);
			runOnlyForDeploymentPostprocessing = 0;
		};
		F3D3B5FC23525BA000E1E66B /* Resources */ = {
			isa = PBXResourcesBuildPhase;
			buildActionMask = 2147483647;
			files = (
			);
			runOnlyForDeploymentPostprocessing = 0;
		};
/* End PBXResourcesBuildPhase section */

/* Begin PBXSourcesBuildPhase section */
		F3D3B5E423525B9F00E1E66B /* Sources */ = {
			isa = PBXSourcesBuildPhase;
			buildActionMask = 2147483647;
			files = (
				F3D3B62D23543F3800E1E66B /* PrizeCell.swift in Sources */,
				F3D3B63923552A9400E1E66B /* Algorithm.swift in Sources */,
				F3D3B61523526A3800E1E66B /* HomePresenter.swift in Sources */,
				F3D3B6302355203F00E1E66B /* HomeViewController+TableView.swift in Sources */,
				F3D3B633235520E200E1E66B /* String.swift in Sources */,
				F3D3B62323526C4200E1E66B /* Location.swift in Sources */,
				F3D3B62923529EB200E1E66B /* Loading.swift in Sources */,
				F3D3B61723526A3800E1E66B /* HomeUseCases.swift in Sources */,
				F3D3B61A23526A3800E1E66B /* HomeInteractor.swift in Sources */,
				F3D3B63B23552AF900E1E66B /* NetworkManager.swift in Sources */,
				F3D3B5EC23525B9F00E1E66B /* AppDelegate.swift in Sources */,
				F3D3B61623526A3800E1E66B /* HomeWorker.swift in Sources */,
				F3D3B61923526A3800E1E66B /* HomeViewController.swift in Sources */,
				F3D3B62123526BF900E1E66B /* Prize.swift in Sources */,
				F3D3B5EE23525B9F00E1E66B /* SceneDelegate.swift in Sources */,
				F3D3B6362355212200E1E66B /* UIViewController.swift in Sources */,
			);
			runOnlyForDeploymentPostprocessing = 0;
		};
		F3D3B5FA23525BA000E1E66B /* Sources */ = {
			isa = PBXSourcesBuildPhase;
			buildActionMask = 2147483647;
			files = (
				F3D3B60323525BA000E1E66B /* TimeMachineTests.swift in Sources */,
			);
			runOnlyForDeploymentPostprocessing = 0;
		};
/* End PBXSourcesBuildPhase section */

/* Begin PBXTargetDependency section */
		F3D3B60023525BA000E1E66B /* PBXTargetDependency */ = {
			isa = PBXTargetDependency;
			target = F3D3B5E723525B9F00E1E66B /* TimeMachine */;
			targetProxy = F3D3B5FF23525BA000E1E66B /* PBXContainerItemProxy */;
		};
/* End PBXTargetDependency section */

/* Begin PBXVariantGroup section */
		F3D3B5F623525BA000E1E66B /* LaunchScreen.storyboard */ = {
			isa = PBXVariantGroup;
			children = (
				F3D3B5F723525BA000E1E66B /* Base */,
			);
			name = LaunchScreen.storyboard;
			sourceTree = "<group>";
		};
/* End PBXVariantGroup section */

/* Begin XCBuildConfiguration section */
		F3D3B60523525BA000E1E66B /* Debug */ = {
			isa = XCBuildConfiguration;
			buildSettings = {
				ALWAYS_SEARCH_USER_PATHS = NO;
				CLANG_ANALYZER_NONNULL = YES;
				CLANG_ANALYZER_NUMBER_OBJECT_CONVERSION = YES_AGGRESSIVE;
				CLANG_CXX_LANGUAGE_STANDARD = "gnu++14";
				CLANG_CXX_LIBRARY = "libc++";
				CLANG_ENABLE_MODULES = YES;
				CLANG_ENABLE_OBJC_ARC = YES;
				CLANG_ENABLE_OBJC_WEAK = YES;
				CLANG_WARN_BLOCK_CAPTURE_AUTORELEASING = YES;
				CLANG_WARN_BOOL_CONVERSION = YES;
				CLANG_WARN_COMMA = YES;
				CLANG_WARN_CONSTANT_CONVERSION = YES;
				CLANG_WARN_DEPRECATED_OBJC_IMPLEMENTATIONS = YES;
				CLANG_WARN_DIRECT_OBJC_ISA_USAGE = YES_ERROR;
				CLANG_WARN_DOCUMENTATION_COMMENTS = YES;
				CLANG_WARN_EMPTY_BODY = YES;
				CLANG_WARN_ENUM_CONVERSION = YES;
				CLANG_WARN_INFINITE_RECURSION = YES;
				CLANG_WARN_INT_CONVERSION = YES;
				CLANG_WARN_NON_LITERAL_NULL_CONVERSION = YES;
				CLANG_WARN_OBJC_IMPLICIT_RETAIN_SELF = YES;
				CLANG_WARN_OBJC_LITERAL_CONVERSION = YES;
				CLANG_WARN_OBJC_ROOT_CLASS = YES_ERROR;
				CLANG_WARN_RANGE_LOOP_ANALYSIS = YES;
				CLANG_WARN_STRICT_PROTOTYPES = YES;
				CLANG_WARN_SUSPICIOUS_MOVE = YES;
				CLANG_WARN_UNGUARDED_AVAILABILITY = YES_AGGRESSIVE;
				CLANG_WARN_UNREACHABLE_CODE = YES;
				CLANG_WARN__DUPLICATE_METHOD_MATCH = YES;
				COPY_PHASE_STRIP = NO;
				DEBUG_INFORMATION_FORMAT = dwarf;
				ENABLE_STRICT_OBJC_MSGSEND = YES;
				ENABLE_TESTABILITY = YES;
				GCC_C_LANGUAGE_STANDARD = gnu11;
				GCC_DYNAMIC_NO_PIC = NO;
				GCC_NO_COMMON_BLOCKS = YES;
				GCC_OPTIMIZATION_LEVEL = 0;
				GCC_PREPROCESSOR_DEFINITIONS = (
					"DEBUG=1",
					"$(inherited)",
				);
				GCC_WARN_64_TO_32_BIT_CONVERSION = YES;
				GCC_WARN_ABOUT_RETURN_TYPE = YES_ERROR;
				GCC_WARN_UNDECLARED_SELECTOR = YES;
				GCC_WARN_UNINITIALIZED_AUTOS = YES_AGGRESSIVE;
				GCC_WARN_UNUSED_FUNCTION = YES;
				GCC_WARN_UNUSED_VARIABLE = YES;
				IPHONEOS_DEPLOYMENT_TARGET = 13.0;
				MTL_ENABLE_DEBUG_INFO = INCLUDE_SOURCE;
				MTL_FAST_MATH = YES;
				ONLY_ACTIVE_ARCH = YES;
				SDKROOT = iphoneos;
				SWIFT_ACTIVE_COMPILATION_CONDITIONS = DEBUG;
				SWIFT_OPTIMIZATION_LEVEL = "-Onone";
			};
			name = Debug;
		};
		F3D3B60623525BA000E1E66B /* Release */ = {
			isa = XCBuildConfiguration;
			buildSettings = {
				ALWAYS_SEARCH_USER_PATHS = NO;
				CLANG_ANALYZER_NONNULL = YES;
				CLANG_ANALYZER_NUMBER_OBJECT_CONVERSION = YES_AGGRESSIVE;
				CLANG_CXX_LANGUAGE_STANDARD = "gnu++14";
				CLANG_CXX_LIBRARY = "libc++";
				CLANG_ENABLE_MODULES = YES;
				CLANG_ENABLE_OBJC_ARC = YES;
				CLANG_ENABLE_OBJC_WEAK = YES;
				CLANG_WARN_BLOCK_CAPTURE_AUTORELEASING = YES;
				CLANG_WARN_BOOL_CONVERSION = YES;
				CLANG_WARN_COMMA = YES;
				CLANG_WARN_CONSTANT_CONVERSION = YES;
				CLANG_WARN_DEPRECATED_OBJC_IMPLEMENTATIONS = YES;
				CLANG_WARN_DIRECT_OBJC_ISA_USAGE = YES_ERROR;
				CLANG_WARN_DOCUMENTATION_COMMENTS = YES;
				CLANG_WARN_EMPTY_BODY = YES;
				CLANG_WARN_ENUM_CONVERSION = YES;
				CLANG_WARN_INFINITE_RECURSION = YES;
				CLANG_WARN_INT_CONVERSION = YES;
				CLANG_WARN_NON_LITERAL_NULL_CONVERSION = YES;
				CLANG_WARN_OBJC_IMPLICIT_RETAIN_SELF = YES;
				CLANG_WARN_OBJC_LITERAL_CONVERSION = YES;
				CLANG_WARN_OBJC_ROOT_CLASS = YES_ERROR;
				CLANG_WARN_RANGE_LOOP_ANALYSIS = YES;
				CLANG_WARN_STRICT_PROTOTYPES = YES;
				CLANG_WARN_SUSPICIOUS_MOVE = YES;
				CLANG_WARN_UNGUARDED_AVAILABILITY = YES_AGGRESSIVE;
				CLANG_WARN_UNREACHABLE_CODE = YES;
				CLANG_WARN__DUPLICATE_METHOD_MATCH = YES;
				COPY_PHASE_STRIP = NO;
				DEBUG_INFORMATION_FORMAT = "dwarf-with-dsym";
				ENABLE_NS_ASSERTIONS = NO;
				ENABLE_STRICT_OBJC_MSGSEND = YES;
				GCC_C_LANGUAGE_STANDARD = gnu11;
				GCC_NO_COMMON_BLOCKS = YES;
				GCC_WARN_64_TO_32_BIT_CONVERSION = YES;
				GCC_WARN_ABOUT_RETURN_TYPE = YES_ERROR;
				GCC_WARN_UNDECLARED_SELECTOR = YES;
				GCC_WARN_UNINITIALIZED_AUTOS = YES_AGGRESSIVE;
				GCC_WARN_UNUSED_FUNCTION = YES;
				GCC_WARN_UNUSED_VARIABLE = YES;
				IPHONEOS_DEPLOYMENT_TARGET = 13.0;
				MTL_ENABLE_DEBUG_INFO = NO;
				MTL_FAST_MATH = YES;
				SDKROOT = iphoneos;
				SWIFT_COMPILATION_MODE = wholemodule;
				SWIFT_OPTIMIZATION_LEVEL = "-O";
				VALIDATE_PRODUCT = YES;
			};
			name = Release;
		};
		F3D3B60823525BA000E1E66B /* Debug */ = {
			isa = XCBuildConfiguration;
			buildSettings = {
				ASSETCATALOG_COMPILER_APPICON_NAME = AppIcon;
				CODE_SIGN_STYLE = Automatic;
				DEVELOPMENT_TEAM = 2FYVM8W5U8;
				INFOPLIST_FILE = TimeMachine/Info.plist;
				LD_RUNPATH_SEARCH_PATHS = (
					"$(inherited)",
					"@executable_path/Frameworks",
				);
				PRODUCT_BUNDLE_IDENTIFIER = com.nivardoibarra.com.TimeMachine;
				PRODUCT_NAME = "$(TARGET_NAME)";
				SWIFT_VERSION = 5.0;
				TARGETED_DEVICE_FAMILY = "1,2";
			};
			name = Debug;
		};
		F3D3B60923525BA000E1E66B /* Release */ = {
			isa = XCBuildConfiguration;
			buildSettings = {
				ASSETCATALOG_COMPILER_APPICON_NAME = AppIcon;
				CODE_SIGN_STYLE = Automatic;
				DEVELOPMENT_TEAM = 2FYVM8W5U8;
				INFOPLIST_FILE = TimeMachine/Info.plist;
				LD_RUNPATH_SEARCH_PATHS = (
					"$(inherited)",
					"@executable_path/Frameworks",
				);
				PRODUCT_BUNDLE_IDENTIFIER = com.nivardoibarra.com.TimeMachine;
				PRODUCT_NAME = "$(TARGET_NAME)";
				SWIFT_VERSION = 5.0;
				TARGETED_DEVICE_FAMILY = "1,2";
			};
			name = Release;
		};
		F3D3B60B23525BA000E1E66B /* Debug */ = {
			isa = XCBuildConfiguration;
			buildSettings = {
				ALWAYS_EMBED_SWIFT_STANDARD_LIBRARIES = YES;
				BUNDLE_LOADER = "$(TEST_HOST)";
				CODE_SIGN_STYLE = Automatic;
				INFOPLIST_FILE = TimeMachineTests/Info.plist;
				IPHONEOS_DEPLOYMENT_TARGET = 13.1;
				LD_RUNPATH_SEARCH_PATHS = (
					"$(inherited)",
					"@executable_path/Frameworks",
					"@loader_path/Frameworks",
				);
				PRODUCT_BUNDLE_IDENTIFIER = com.nivardoibarra.com.TimeMachineTests;
				PRODUCT_NAME = "$(TARGET_NAME)";
				SWIFT_VERSION = 5.0;
				TARGETED_DEVICE_FAMILY = "1,2";
				TEST_HOST = "$(BUILT_PRODUCTS_DIR)/TimeMachine.app/TimeMachine";
			};
			name = Debug;
		};
		F3D3B60C23525BA000E1E66B /* Release */ = {
			isa = XCBuildConfiguration;
			buildSettings = {
				ALWAYS_EMBED_SWIFT_STANDARD_LIBRARIES = YES;
				BUNDLE_LOADER = "$(TEST_HOST)";
				CODE_SIGN_STYLE = Automatic;
				INFOPLIST_FILE = TimeMachineTests/Info.plist;
				IPHONEOS_DEPLOYMENT_TARGET = 13.1;
				LD_RUNPATH_SEARCH_PATHS = (
					"$(inherited)",
					"@executable_path/Frameworks",
					"@loader_path/Frameworks",
				);
				PRODUCT_BUNDLE_IDENTIFIER = com.nivardoibarra.com.TimeMachineTests;
				PRODUCT_NAME = "$(TARGET_NAME)";
				SWIFT_VERSION = 5.0;
				TARGETED_DEVICE_FAMILY = "1,2";
				TEST_HOST = "$(BUILT_PRODUCTS_DIR)/TimeMachine.app/TimeMachine";
			};
			name = Release;
		};
/* End XCBuildConfiguration section */

/* Begin XCConfigurationList section */
		F3D3B5E323525B9F00E1E66B /* Build configuration list for PBXProject "TimeMachine" */ = {
			isa = XCConfigurationList;
			buildConfigurations = (
				F3D3B60523525BA000E1E66B /* Debug */,
				F3D3B60623525BA000E1E66B /* Release */,
			);
			defaultConfigurationIsVisible = 0;
			defaultConfigurationName = Release;
		};
		F3D3B60723525BA000E1E66B /* Build configuration list for PBXNativeTarget "TimeMachine" */ = {
			isa = XCConfigurationList;
			buildConfigurations = (
				F3D3B60823525BA000E1E66B /* Debug */,
				F3D3B60923525BA000E1E66B /* Release */,
			);
			defaultConfigurationIsVisible = 0;
			defaultConfigurationName = Release;
		};
		F3D3B60A23525BA000E1E66B /* Build configuration list for PBXNativeTarget "TimeMachineTests" */ = {
			isa = XCConfigurationList;
			buildConfigurations = (
				F3D3B60B23525BA000E1E66B /* Debug */,
				F3D3B60C23525BA000E1E66B /* Release */,
			);
			defaultConfigurationIsVisible = 0;
			defaultConfigurationName = Release;
		};
/* End XCConfigurationList section */
	};
	rootObject = F3D3B5E023525B9F00E1E66B /* Project object */;
}
